{
    "name": "fizzy",
    "version": "0.2.0",
    "lockfileVersion": 1,
    "requires": true,
    "dependencies": {
        "bulma-carousel": {
            "version": "4.0.4",
            "resolved": "https://registry.npmjs.org/bulma-carousel/-/bulma-carousel-4.0.4.tgz",
            "integrity": "sha512-fxARvrPZ0meiVMkxI1ayK2RBd9YUNPc7FFnDpD+SgPnQdZgW+VAvHM8YdR3BJfnmR9lNWNqfKR/hk7Ko0GP2tA=="
        },
        "bulma-extensions": {
            "version": "6.2.4",
            "resolved": "https://registry.npmjs.org/bulma-extensions/-/bulma-extensions-6.2.4.tgz",
            "integrity": "sha512-AaG3/OfGgdx03fQDabLadagATVpBvXXhFjiv7lnOd9DzTHRPC3fjlNL3qnVQ8IFS9t428FvS3lAmBmtfQh7ylA=="
        }
    }
}
